{
  "version": 4,
  "terraform_version": "1.6.5",
  "serial": 32,
  "lineage": "e9d8bff1-a2e2-f25b-3651-ade3f7613f48",
  "outputs": {},
  "resources": [
    {
      "mode": "managed",
      "type": "local_file",
      "name": "app",
      "provider": "provider[\"registry.terraform.io/hashicorp/local\"]",
      "instances": [
        {
          "schema_version": 0,
          "attributes": {
            "content": "John",
            "content_base64": null,
            "content_base64sha256": "qM/NdIMgBJUbRAjNsKXbzYx+UtQ/f+JEv3IFguBSQdo=",
            "content_base64sha512": "QbbQzV3asVB0+Ivxw1bonD8zB3Gxx6CwNLzar+506yyi7KUC+MCwT+X9Lx7FrgGX4MYIjxzvbAc3i394u2TZ5A==",
            "content_md5": "61409aa1fd47d4a5332de23cbf59a36f",
            "content_sha1": "5753a498f025464d72e088a9d5d6e872592d5f91",
            "content_sha256": "a8cfcd74832004951b4408cdb0a5dbcd8c7e52d43f7fe244bf720582e05241da",
            "content_sha512": "41b6d0cd5ddab15074f88bf1c356e89c3f330771b1c7a0b034bcdaafee74eb2ca2eca502f8c0b04fe5fd2f1ec5ae0197e0c6088f1cef6c07378b7f78bb64d9e4",
            "directory_permission": "0777",
            "file_permission": "0777",
            "filename": "My app is called Mr.sponge",
            "id": "5753a498f025464d72e088a9d5d6e872592d5f91",
            "sensitive_content": null,
            "source": null
          },
          "sensitive_attributes": [],
          "dependencies": [
            "random_pet.pet"
          ]
        }
      ]
    },
    {
      "mode": "managed",
      "type": "local_file",
      "name": "newText",
      "provider": "provider[\"registry.terraform.io/hashicorp/local\"]",
      "instances": [
        {
          "schema_version": 0,
          "attributes": {
            "content": "This is an awesome terrform file",
            "content_base64": null,
            "content_base64sha256": "AovD6dyVWAFT5GeGVUgJnobq/J7VGL6ab9CUbpLxoJ0=",
            "content_base64sha512": "pIx5TwnlxZZ5Snf5fp7e2nUDCpx5G6R5rxaSnRrcsxqNCNPrPgxH7bIsphxgTApfCG/cY2hrWfzoN6d7sW7t2w==",
            "content_md5": "a225f27fd6e0215a09b1a71cdf5341e8",
            "content_sha1": "adb2665df55ed8dfde71f3ed67bea5f59064ad95",
            "content_sha256": "028bc3e9dc95580153e467865548099e86eafc9ed518be9a6fd0946e92f1a09d",
            "content_sha512": "a48c794f09e5c596794a77f97e9ededa75030a9c791ba479af16929d1adcb31a8d08d3eb3e0c47edb22ca61c604c0a5f086fdc63686b59fce837a77bb16eeddb",
            "directory_permission": "0777",
            "file_permission": "0700",
            "filename": "file.txt",
            "id": "adb2665df55ed8dfde71f3ed67bea5f59064ad95",
            "sensitive_content": null,
            "source": null
          },
          "sensitive_attributes": []
        }
      ]
    },
    {
      "mode": "managed",
      "type": "random_pet",
      "name": "pet",
      "provider": "provider[\"registry.terraform.io/hashicorp/random\"]",
      "instances": [
        {
          "schema_version": 0,
          "attributes": {
            "id": "Mr.sponge",
            "keepers": null,
            "length": 1,
            "prefix": "Mr",
            "separator": "."
          },
          "sensitive_attributes": []
        }
      ]
    }
  ],
  "check_results": null
}
