{
  "version": 4,
  "terraform_version": "1.6.5",
  "serial": 11,
  "lineage": "e9d8bff1-a2e2-f25b-3651-ade3f7613f48",
  "outputs": {},
  "resources": [
    {
      "mode": "managed",
      "type": "local_file",
      "name": "app",
      "provider": "provider[\"registry.terraform.io/hashicorp/local\"]",
      "instances": [
        {
          "schema_version": 0,
          "attributes": {
            "content": "This is an app file",
            "content_base64": null,
            "content_base64sha256": "YbI8szBVSzCPY9K5Wq8KuS9buTSlhwhvy3pF6zxJ4rI=",
            "content_base64sha512": "QR6r+9H2KbGl1gzCvhhJ+z7c7KZ46aL0nU53WmYDoEFCMiUvM2bRg4s8YA50fQjxzulT2bQfdrhbs57VIbUCjA==",
            "content_md5": "2cdcedf5153f0dfec7320417efb05e7c",
            "content_sha1": "c0e5ca2be403147eb78523a5a0d01a94433834ec",
            "content_sha256": "61b23cb330554b308f63d2b95aaf0ab92f5bb934a587086fcb7a45eb3c49e2b2",
            "content_sha512": "411eabfbd1f629b1a5d60cc2be1849fb3edceca678e9a2f49d4e775a6603a0414232252f3366d1838b3c600e747d08f1cee953d9b41f76b85bb39ed521b5028c",
            "directory_permission": "0777",
            "file_permission": "0777",
            "filename": "file2.txt",
            "id": "c0e5ca2be403147eb78523a5a0d01a94433834ec",
            "sensitive_content": null,
            "source": null
          },
          "sensitive_attributes": []
        }
      ]
    },
    {
      "mode": "managed",
      "type": "local_file",
      "name": "newText",
      "provider": "provider[\"registry.terraform.io/hashicorp/local\"]",
      "instances": [
        {
          "schema_version": 0,
          "attributes": {
            "content": "This is a new text file",
            "content_base64": null,
            "content_base64sha256": "BEXkXXDWIHTMamCN35X4nidfSV0/ai2dDx3a42u0q1A=",
            "content_base64sha512": "3uQJkbTm/D/rVk/HrmXfBKoE3q71WuSa7fa1t04TAxn2m3IbGfuClYODN5ef6brhNih6HgCmJFuuDDrzbN3Elw==",
            "content_md5": "8be81790a061b27cfc1ef25ebec11960",
            "content_sha1": "b93ea7e1b3f8b0d1cedf7aa99adc1ccfbad109fd",
            "content_sha256": "0445e45d70d62074cc6a608ddf95f89e275f495d3f6a2d9d0f1ddae36bb4ab50",
            "content_sha512": "dee40991b4e6fc3feb564fc7ae65df04aa04deaef55ae49aedf6b5b74e130319f69b721b19fb8295838337979fe9bae136287a1e00a6245bae0c3af36cddc497",
            "directory_permission": "0777",
            "file_permission": "0700",
            "filename": "file.txt",
            "id": "b93ea7e1b3f8b0d1cedf7aa99adc1ccfbad109fd",
            "sensitive_content": null,
            "source": null
          },
          "sensitive_attributes": []
        }
      ]
    }
  ],
  "check_results": null
}
